
Microsoft Visual Studio Solution File, Format Version 12.00
# Visual Studio Version 17
VisualStudioVersion = 17.5.002.0
MinimumVisualStudioVersion = 10.0.40219.1
Project("{9A19103F-16F7-4668-BE54-9A1E7A4F7556}") = "CSharpVersion", "CSharpVersion.csproj", "{1722282F-C1FD-4B06-99D8-744EC69E6394}"
EndProject
Global
	GlobalSection(SolutionConfigurationPlatforms) = preSolution
		Debug|Any CPU = Debug|Any CPU
		Release|Any CPU = Release|Any CPU
	EndGlobalSection
	GlobalSection(ProjectConfigurationPlatforms) = postSolution
		{1722282F-C1FD-4B06-99D8-744EC69E6394}.Debug|Any CPU.ActiveCfg = Debug|Any CPU
		{1722282F-C1FD-4B06-99D8-744EC69E6394}.Debug|Any CPU.Build.0 = Debug|Any CPU
		{1722282F-C1FD-4B06-99D8-744EC69E6394}.Release|Any CPU.ActiveCfg = Release|Any CPU
		{1722282F-C1FD-4B06-99D8-744EC69E6394}.Release|Any CPU.Build.0 = Release|Any CPU
	EndGlobalSection
	GlobalSection(SolutionProperties) = preSolution
		HideSolutionNode = FALSE
	EndGlobalSection
	GlobalSection(ExtensibilityGlobals) = postSolution
		SolutionGuid = {CBC24DFE-D9B2-433E-8643-0EE2995B675F}
	EndGlobalSection
EndGlobal
