Microsoft Visual Studio Solution File, Format Version 12.00
# Visual Studio Version 17
VisualStudioVersion = 17.11.35303.130
MinimumVisualStudioVersion = 10.0.40219.1
Project("{FAE04EC0-301F-11D3-BF4B-00C04F79EFBC}") = "NeuralNetworkForRealThisTime", "NeuralNetworkForRealThisTime.csproj", "{D7C7C49D-DFC2-44B5-9D10-6B13DC4C741D}"
EndProject
Global
	GlobalSection(SolutionConfigurationPlatforms) = preSolution
		Debug|Any CPU = Debug|Any CPU
		Release|Any CPU = Release|Any CPU
	EndGlobalSection
	GlobalSection(ProjectConfigurationPlatforms) = postSolution
		{D7C7C49D-DFC2-44B5-9D10-6B13DC4C741D}.Debug|Any CPU.ActiveCfg = Debug|Any CPU
		{D7C7C49D-DFC2-44B5-9D10-6B13DC4C741D}.Debug|Any CPU.Build.0 = Debug|Any CPU
		{D7C7C49D-DFC2-44B5-9D10-6B13DC4C741D}.Release|Any CPU.ActiveCfg = Release|Any CPU
		{D7C7C49D-DFC2-44B5-9D10-6B13DC4C741D}.Release|Any CPU.Build.0 = Release|Any CPU
	EndGlobalSection
	GlobalSection(SolutionProperties) = preSolution
		HideSolutionNode = FALSE
	EndGlobalSection
	GlobalSection(ExtensibilityGlobals) = postSolution
		SolutionGuid = {D08D717C-1BEB-4702-ACCA-5CC713077E44}
	EndGlobalSection
EndGlobal
